
Microsoft Visual Studio Solution File, Format Version 12.00
# Visual Studio Version 16
VisualStudioVersion = 16.0.32630.194
MinimumVisualStudioVersion = 10.0.40219.1
Project("{FAE04EC0-301F-11D3-BF4B-00C04F79EFBC}") = "ElectionDummy", "ElectionDummy.csproj", "{289EF5A6-AED6-49C0-B079-A5F0E86935C3}"
EndProject
Global
	GlobalSection(SolutionConfigurationPlatforms) = preSolution
		Debug|Any CPU = Debug|Any CPU
		Release|Any CPU = Release|Any CPU
	EndGlobalSection
	GlobalSection(ProjectConfigurationPlatforms) = postSolution
		{289EF5A6-AED6-49C0-B079-A5F0E86935C3}.Debug|Any CPU.ActiveCfg = Debug|Any CPU
		{289EF5A6-AED6-49C0-B079-A5F0E86935C3}.Debug|Any CPU.Build.0 = Debug|Any CPU
		{289EF5A6-AED6-49C0-B079-A5F0E86935C3}.Release|Any CPU.ActiveCfg = Release|Any CPU
		{289EF5A6-AED6-49C0-B079-A5F0E86935C3}.Release|Any CPU.Build.0 = Release|Any CPU
	EndGlobalSection
	GlobalSection(SolutionProperties) = preSolution
		HideSolutionNode = FALSE
	EndGlobalSection
	GlobalSection(ExtensibilityGlobals) = postSolution
		SolutionGuid = {76CA1E8F-E1EB-4821-AFEF-8B3091F2E866}
	EndGlobalSection
EndGlobal
